<Solution>
  <Folder Name="/samples/">
    <Project Path="samples/Idempo.Samples.MinimalApi/Idempo.Samples.MinimalApi.csproj" />
  </Folder>
  <Folder Name="/src/">
    <Project Path="src/Idempo.AspNetCore/Idempo.AspNetCore.csproj" />
    <Project Path="src/Idempo/Idempo.csproj" />
  </Folder>
  <Folder Name="/tests/">
    <Project Path="tests/Idempo.AspNetCore.Tests/Idempo.AspNetCore.Tests.csproj" />
    <Project Path="tests/Idempo.Tests/Idempo.Tests.csproj" />
  </Folder>
</Solution>
